
Microsoft Visual Studio Solution File, Format Version 12.00
# Visual Studio Version 17
VisualStudioVersion = 17.11.35219.272
MinimumVisualStudioVersion = 10.0.40219.1
Project("{9A19103F-16F7-4668-BE54-9A1E7A4F7556}") = "Domain", "src\Domain\Domain.csproj", "{BE87D735-28ED-48C0-9C8A-BC298B1B0E2B}"
EndProject
Project("{9A19103F-16F7-4668-BE54-9A1E7A4F7556}") = "Api", "src\Api\Api.csproj", "{0AD16998-B7E7-4394-BABF-B9C004B8EFD3}"
EndProject
Project("{9A19103F-16F7-4668-BE54-9A1E7A4F7556}") = "WebApp", "src\WebApp\WebApp.csproj", "{6397BD1D-498C-46F0-A903-E91BE77312D3}"
EndProject
Project("{9A19103F-16F7-4668-BE54-9A1E7A4F7556}") = "Sandbox", "src\Sandbox\Sandbox.csproj", "{50211A8D-7442-425C-99A0-DF3ED3EA8159}"
EndProject
Project("{9A19103F-16F7-4668-BE54-9A1E7A4F7556}") = "Cli", "src\Cli\Cli.csproj", "{6F677F63-8C09-4C86-8B5C-630FB9B8D219}"
EndProject
Project("{FAE04EC0-301F-11D3-BF4B-00C04F79EFBC}") = "Domain.Test", "test\Domain.Test\Domain.Test.csproj", "{E2353D3A-A9F9-48E4-98D8-79980F9C2D4D}"
EndProject
Global
	GlobalSection(SolutionConfigurationPlatforms) = preSolution
		Debug|Any CPU = Debug|Any CPU
		Release|Any CPU = Release|Any CPU
	EndGlobalSection
	GlobalSection(ProjectConfigurationPlatforms) = postSolution
		{BE87D735-28ED-48C0-9C8A-BC298B1B0E2B}.Debug|Any CPU.ActiveCfg = Debug|Any CPU
		{BE87D735-28ED-48C0-9C8A-BC298B1B0E2B}.Debug|Any CPU.Build.0 = Debug|Any CPU
		{BE87D735-28ED-48C0-9C8A-BC298B1B0E2B}.Release|Any CPU.ActiveCfg = Release|Any CPU
		{BE87D735-28ED-48C0-9C8A-BC298B1B0E2B}.Release|Any CPU.Build.0 = Release|Any CPU
		{0AD16998-B7E7-4394-BABF-B9C004B8EFD3}.Debug|Any CPU.ActiveCfg = Debug|Any CPU
		{0AD16998-B7E7-4394-BABF-B9C004B8EFD3}.Debug|Any CPU.Build.0 = Debug|Any CPU
		{0AD16998-B7E7-4394-BABF-B9C004B8EFD3}.Release|Any CPU.ActiveCfg = Release|Any CPU
		{0AD16998-B7E7-4394-BABF-B9C004B8EFD3}.Release|Any CPU.Build.0 = Release|Any CPU
		{6397BD1D-498C-46F0-A903-E91BE77312D3}.Debug|Any CPU.ActiveCfg = Debug|Any CPU
		{6397BD1D-498C-46F0-A903-E91BE77312D3}.Debug|Any CPU.Build.0 = Debug|Any CPU
		{6397BD1D-498C-46F0-A903-E91BE77312D3}.Release|Any CPU.ActiveCfg = Release|Any CPU
		{6397BD1D-498C-46F0-A903-E91BE77312D3}.Release|Any CPU.Build.0 = Release|Any CPU
		{50211A8D-7442-425C-99A0-DF3ED3EA8159}.Debug|Any CPU.ActiveCfg = Debug|Any CPU
		{50211A8D-7442-425C-99A0-DF3ED3EA8159}.Debug|Any CPU.Build.0 = Debug|Any CPU
		{50211A8D-7442-425C-99A0-DF3ED3EA8159}.Release|Any CPU.ActiveCfg = Release|Any CPU
		{50211A8D-7442-425C-99A0-DF3ED3EA8159}.Release|Any CPU.Build.0 = Release|Any CPU
		{6F677F63-8C09-4C86-8B5C-630FB9B8D219}.Debug|Any CPU.ActiveCfg = Debug|Any CPU
		{6F677F63-8C09-4C86-8B5C-630FB9B8D219}.Debug|Any CPU.Build.0 = Debug|Any CPU
		{6F677F63-8C09-4C86-8B5C-630FB9B8D219}.Release|Any CPU.ActiveCfg = Release|Any CPU
		{6F677F63-8C09-4C86-8B5C-630FB9B8D219}.Release|Any CPU.Build.0 = Release|Any CPU
		{E2353D3A-A9F9-48E4-98D8-79980F9C2D4D}.Debug|Any CPU.ActiveCfg = Debug|Any CPU
		{E2353D3A-A9F9-48E4-98D8-79980F9C2D4D}.Debug|Any CPU.Build.0 = Debug|Any CPU
		{E2353D3A-A9F9-48E4-98D8-79980F9C2D4D}.Release|Any CPU.ActiveCfg = Release|Any CPU
		{E2353D3A-A9F9-48E4-98D8-79980F9C2D4D}.Release|Any CPU.Build.0 = Release|Any CPU
	EndGlobalSection
	GlobalSection(SolutionProperties) = preSolution
		HideSolutionNode = FALSE
	EndGlobalSection
	GlobalSection(ExtensibilityGlobals) = postSolution
		SolutionGuid = {F4F16FCB-3CCA-4B3D-ACCE-E5A8FFF68FB0}
	EndGlobalSection
EndGlobal
